
Microsoft Visual Studio Solution File, Format Version 12.00
# Visual Studio 15
VisualStudioVersion = 15.0.27130.2010
MinimumVisualStudioVersion = 10.0.40219.1
Project("{FAE04EC0-301F-11D3-BF4B-00C04F79EFBC}") = "FirstLook", "FirstLook\FirstLook.csproj", "{A6E27F81-0034-4E0F-89CD-EB4B355E4A38}"
EndProject
Global
	GlobalSection(SolutionConfigurationPlatforms) = preSolution
		Debug|Any CPU = Debug|Any CPU
		Release|Any CPU = Release|Any CPU
	EndGlobalSection
	GlobalSection(ProjectConfigurationPlatforms) = postSolution
		{A6E27F81-0034-4E0F-89CD-EB4B355E4A38}.Debug|Any CPU.ActiveCfg = Debug|Any CPU
		{A6E27F81-0034-4E0F-89CD-EB4B355E4A38}.Debug|Any CPU.Build.0 = Debug|Any CPU
		{A6E27F81-0034-4E0F-89CD-EB4B355E4A38}.Release|Any CPU.ActiveCfg = Release|Any CPU
		{A6E27F81-0034-4E0F-89CD-EB4B355E4A38}.Release|Any CPU.Build.0 = Release|Any CPU
	EndGlobalSection
	GlobalSection(SolutionProperties) = preSolution
		HideSolutionNode = FALSE
	EndGlobalSection
	GlobalSection(ExtensibilityGlobals) = postSolution
		SolutionGuid = {0E22DBD3-965E-46D6-B8F0-867624AA778E}
	EndGlobalSection
EndGlobal
